github.com/Andrej220/go-utils/zlog v0.0.0-20250916071057-45f11550742e h1:MACvnHQsrN4xcNlcQHrL1BL0sH0qk7vVvpHDGff3TCg=
github.com/Andrej220/go-utils/zlog v0.0.0-20250916071057-45f11550742e/go.mod h1:400xlExrKSVtMOX7xFikJE9DyZPV3rcjWKjvy+ITO3w=
go.uber.org/multierr v1.10.0 h1:S0h4aNzvfcFsC3dRF1jLoaov7oRaKqRGC/pUEJ2yvPQ=
go.uber.org/multierr v1.10.0/go.mod h1:20+QtiLqy0Nd6FdQB9TLXag12DsQkrbs3htMFfDN80Y=
go.uber.org/zap v1.27.0 h1:aJMhYGrd5QSmlpLMr2MftRKl7t8J8PTZPA732ud/XR8=
go.uber.org/zap v1.27.0/go.mod h1:GB2qFLM7cTU87MWRP2mPIjqfIDnGu+VIO4V/SdhGo2E=
